// !$*UTF8*$!
{
	archiveVersion = 1;
	classes = {
	};
	objectVersion = 50;
	objects = {

/* Begin PBXBuildFile section */
		23C77809247433F3000CEFD7 /* TransactionController.swift in Sources */ = {isa = PBXBuildFile; fileRef = 23C77808247433F3000CEFD7 /* TransactionController.swift */; };
		23C7780B247434D7000CEFD7 /* InputDataController.swift in Sources */ = {isa = PBXBuildFile; fileRef = 23C7780A247434D7000CEFD7 /* InputDataController.swift */; };
		D7F08B4C246924D800FA7FAF /* AppDelegate.swift in Sources */ = {isa = PBXBuildFile; fileRef = D7F08B4B246924D800FA7FAF /* AppDelegate.swift */; };
		D7F08B4E246924D800FA7FAF /* SceneDelegate.swift in Sources */ = {isa = PBXBuildFile; fileRef = D7F08B4D246924D800FA7FAF /* SceneDelegate.swift */; };
		D7F08B50246924D800FA7FAF /* ViewController.swift in Sources */ = {isa = PBXBuildFile; fileRef = D7F08B4F246924D800FA7FAF /* ViewController.swift */; };
		D7F08B53246924D800FA7FAF /* Main.storyboard in Resources */ = {isa = PBXBuildFile; fileRef = D7F08B51246924D800FA7FAF /* Main.storyboard */; };
		D7F08B56246924D800FA7FAF /* BudgetThink.xcdatamodeld in Sources */ = {isa = PBXBuildFile; fileRef = D7F08B54246924D800FA7FAF /* BudgetThink.xcdatamodeld */; };
		D7F08B58246924DA00FA7FAF /* Assets.xcassets in Resources */ = {isa = PBXBuildFile; fileRef = D7F08B57246924DA00FA7FAF /* Assets.xcassets */; };
		D7F08B5B246924DA00FA7FAF /* LaunchScreen.storyboard in Resources */ = {isa = PBXBuildFile; fileRef = D7F08B59246924DA00FA7FAF /* LaunchScreen.storyboard */; };
		ED0DDB5E2482940D00018ACD /* TransactionCell.swift in Sources */ = {isa = PBXBuildFile; fileRef = ED0DDB5D2482940D00018ACD /* TransactionCell.swift */; };
		ED0DDB602482A2A300018ACD /* StatisticCell.swift in Sources */ = {isa = PBXBuildFile; fileRef = ED0DDB5F2482A2A300018ACD /* StatisticCell.swift */; };
		ED0DDB622482A2D700018ACD /* StatisticController.swift in Sources */ = {isa = PBXBuildFile; fileRef = ED0DDB612482A2D700018ACD /* StatisticController.swift */; };
		ED107A2D247D30B300C4F630 /* RepeatViewController.swift in Sources */ = {isa = PBXBuildFile; fileRef = ED107A2C247D30B300C4F630 /* RepeatViewController.swift */; };
		ED26C0C5247FF61900EAD5BF /* RepeatDataSender.swift in Sources */ = {isa = PBXBuildFile; fileRef = ED26C0C4247FF61900EAD5BF /* RepeatDataSender.swift */; };
		ED26C0C7247FF63900EAD5BF /* Financed.swift in Sources */ = {isa = PBXBuildFile; fileRef = ED26C0C6247FF63900EAD5BF /* Financed.swift */; };
		ED26C0CA247FF66700EAD5BF /* CDManager.swift in Sources */ = {isa = PBXBuildFile; fileRef = ED26C0C9247FF66700EAD5BF /* CDManager.swift */; };
		EDA6180424862CE700B1C5BA /* BudgetThinkHelper.swift in Sources */ = {isa = PBXBuildFile; fileRef = EDA6180324862CE700B1C5BA /* BudgetThinkHelper.swift */; };
		EDF427D12482223E0063DE98 /* UpAnimator.swift in Sources */ = {isa = PBXBuildFile; fileRef = EDF427D02482223E0063DE98 /* UpAnimator.swift */; };
		EDF427D32482391E0063DE98 /* DownAnimator.swift in Sources */ = {isa = PBXBuildFile; fileRef = EDF427D22482391E0063DE98 /* DownAnimator.swift */; };
/* End PBXBuildFile section */

/* Begin PBXFileReference section */
		23C77808247433F3000CEFD7 /* TransactionController.swift */ = {isa = PBXFileReference; lastKnownFileType = sourcecode.swift; path = TransactionController.swift; sourceTree = "<group>"; };
		23C7780A247434D7000CEFD7 /* InputDataController.swift */ = {isa = PBXFileReference; lastKnownFileType = sourcecode.swift; path = InputDataController.swift; sourceTree = "<group>"; };
		D7F08B48246924D800FA7FAF /* BudgetThink.app */ = {isa = PBXFileReference; explicitFileType = wrapper.application; includeInIndex = 0; path = BudgetThink.app; sourceTree = BUILT_PRODUCTS_DIR; };
		D7F08B4B246924D800FA7FAF /* AppDelegate.swift */ = {isa = PBXFileReference; lastKnownFileType = sourcecode.swift; path = AppDelegate.swift; sourceTree = "<group>"; };
		D7F08B4D246924D800FA7FAF /* SceneDelegate.swift */ = {isa = PBXFileReference; lastKnownFileType = sourcecode.swift; path = SceneDelegate.swift; sourceTree = "<group>"; };
		D7F08B4F246924D800FA7FAF /* ViewController.swift */ = {isa = PBXFileReference; lastKnownFileType = sourcecode.swift; path = ViewController.swift; sourceTree = "<group>"; };
		D7F08B52246924D800FA7FAF /* Base */ = {isa = PBXFileReference; lastKnownFileType = file.storyboard; name = Base; path = Base.lproj/Main.storyboard; sourceTree = "<group>"; };
		D7F08B55246924D800FA7FAF /* BudgetThink.xcdatamodel */ = {isa = PBXFileReference; lastKnownFileType = wrapper.xcdatamodel; path = BudgetThink.xcdatamodel; sourceTree = "<group>"; };
		D7F08B57246924DA00FA7FAF /* Assets.xcassets */ = {isa = PBXFileReference; lastKnownFileType = folder.assetcatalog; path = Assets.xcassets; sourceTree = "<group>"; };
		D7F08B5A246924DA00FA7FAF /* Base */ = {isa = PBXFileReference; lastKnownFileType = file.storyboard; name = Base; path = Base.lproj/LaunchScreen.storyboard; sourceTree = "<group>"; };
		D7F08B5C246924DA00FA7FAF /* Info.plist */ = {isa = PBXFileReference; lastKnownFileType = text.plist.xml; path = Info.plist; sourceTree = "<group>"; };
		ED0DDB5D2482940D00018ACD /* TransactionCell.swift */ = {isa = PBXFileReference; lastKnownFileType = sourcecode.swift; path = TransactionCell.swift; sourceTree = "<group>"; };
		ED0DDB5F2482A2A300018ACD /* StatisticCell.swift */ = {isa = PBXFileReference; lastKnownFileType = sourcecode.swift; path = StatisticCell.swift; sourceTree = "<group>"; };
		ED0DDB612482A2D700018ACD /* StatisticController.swift */ = {isa = PBXFileReference; lastKnownFileType = sourcecode.swift; path = StatisticController.swift; sourceTree = "<group>"; };
		ED107A2C247D30B300C4F630 /* RepeatViewController.swift */ = {isa = PBXFileReference; lastKnownFileType = sourcecode.swift; path = RepeatViewController.swift; sourceTree = "<group>"; };
		ED26C0C4247FF61900EAD5BF /* RepeatDataSender.swift */ = {isa = PBXFileReference; lastKnownFileType = sourcecode.swift; path = RepeatDataSender.swift; sourceTree = "<group>"; };
		ED26C0C6247FF63900EAD5BF /* Financed.swift */ = {isa = PBXFileReference; lastKnownFileType = sourcecode.swift; path = Financed.swift; sourceTree = "<group>"; };
		ED26C0C9247FF66700EAD5BF /* CDManager.swift */ = {isa = PBXFileReference; lastKnownFileType = sourcecode.swift; path = CDManager.swift; sourceTree = "<group>"; };
		EDA6180324862CE700B1C5BA /* BudgetThinkHelper.swift */ = {isa = PBXFileReference; lastKnownFileType = sourcecode.swift; path = BudgetThinkHelper.swift; sourceTree = "<group>"; };
		EDF427D02482223E0063DE98 /* UpAnimator.swift */ = {isa = PBXFileReference; lastKnownFileType = sourcecode.swift; path = UpAnimator.swift; sourceTree = "<group>"; };
		EDF427D22482391E0063DE98 /* DownAnimator.swift */ = {isa = PBXFileReference; lastKnownFileType = sourcecode.swift; path = DownAnimator.swift; sourceTree = "<group>"; };
/* End PBXFileReference section */

/* Begin PBXFrameworksBuildPhase section */
		D7F08B45246924D800FA7FAF /* Frameworks */ = {
			isa = PBXFrameworksBuildPhase;
			buildActionMask = 2147483647;
			files = (
			);
			runOnlyForDeploymentPostprocessing = 0;
		};
/* End PBXFrameworksBuildPhase section */

/* Begin PBXGroup section */
		D7F08B3F246924D800FA7FAF = {
			isa = PBXGroup;
			children = (
				D7F08B4A246924D800FA7FAF /* BudgetThink */,
				D7F08B49246924D800FA7FAF /* Products */,
			);
			sourceTree = "<group>";
		};
		D7F08B49246924D800FA7FAF /* Products */ = {
			isa = PBXGroup;
			children = (
				D7F08B48246924D800FA7FAF /* BudgetThink.app */,
			);
			name = Products;
			sourceTree = "<group>";
		};
		D7F08B4A246924D800FA7FAF /* BudgetThink */ = {
			isa = PBXGroup;
			children = (
				EDA6180224862CD000B1C5BA /* Helper */,
				ED0DDB5C248293D500018ACD /* Cell */,
				EDF427CF2482222C0063DE98 /* Animator */,
				ED26C0C8247FF65C00EAD5BF /* CoreData */,
				ED26C0C3247FF5F900EAD5BF /* Protocol */,
				ED26C0C2247FF5EC00EAD5BF /* Model */,
				D7F08B4B246924D800FA7FAF /* AppDelegate.swift */,
				D7F08B4D246924D800FA7FAF /* SceneDelegate.swift */,
				D7F08B4F246924D800FA7FAF /* ViewController.swift */,
				D7F08B51246924D800FA7FAF /* Main.storyboard */,
				23C7780A247434D7000CEFD7 /* InputDataController.swift */,
				23C77808247433F3000CEFD7 /* TransactionController.swift */,
				D7F08B57246924DA00FA7FAF /* Assets.xcassets */,
				D7F08B59246924DA00FA7FAF /* LaunchScreen.storyboard */,
				D7F08B5C246924DA00FA7FAF /* Info.plist */,
				D7F08B54246924D800FA7FAF /* BudgetThink.xcdatamodeld */,
				ED107A2C247D30B300C4F630 /* RepeatViewController.swift */,
				ED0DDB612482A2D700018ACD /* StatisticController.swift */,
			);
			path = BudgetThink;
			sourceTree = "<group>";
		};
		ED0DDB5C248293D500018ACD /* Cell */ = {
			isa = PBXGroup;
			children = (
				ED0DDB5D2482940D00018ACD /* TransactionCell.swift */,
				ED0DDB5F2482A2A300018ACD /* StatisticCell.swift */,
			);
			path = Cell;
			sourceTree = "<group>";
		};
		ED26C0C2247FF5EC00EAD5BF /* Model */ = {
			isa = PBXGroup;
			children = (
				ED26C0C6247FF63900EAD5BF /* Financed.swift */,
			);
			path = Model;
			sourceTree = "<group>";
		};
		ED26C0C3247FF5F900EAD5BF /* Protocol */ = {
			isa = PBXGroup;
			children = (
				ED26C0C4247FF61900EAD5BF /* RepeatDataSender.swift */,
			);
			path = Protocol;
			sourceTree = "<group>";
		};
		ED26C0C8247FF65C00EAD5BF /* CoreData */ = {
			isa = PBXGroup;
			children = (
				ED26C0C9247FF66700EAD5BF /* CDManager.swift */,
			);
			path = CoreData;
			sourceTree = "<group>";
		};
		EDA6180224862CD000B1C5BA /* Helper */ = {
			isa = PBXGroup;
			children = (
				EDA6180324862CE700B1C5BA /* BudgetThinkHelper.swift */,
			);
			path = Helper;
			sourceTree = "<group>";
		};
		EDF427CF2482222C0063DE98 /* Animator */ = {
			isa = PBXGroup;
			children = (
				EDF427D02482223E0063DE98 /* UpAnimator.swift */,
				EDF427D22482391E0063DE98 /* DownAnimator.swift */,
			);
			path = Animator;
			sourceTree = "<group>";
		};
/* End PBXGroup section */

/* Begin PBXNativeTarget section */
		D7F08B47246924D800FA7FAF /* BudgetThink */ = {
			isa = PBXNativeTarget;
			buildConfigurationList = D7F08B5F246924DA00FA7FAF /* Build configuration list for PBXNativeTarget "BudgetThink" */;
			buildPhases = (
				D7F08B44246924D800FA7FAF /* Sources */,
				D7F08B45246924D800FA7FAF /* Frameworks */,
				D7F08B46246924D800FA7FAF /* Resources */,
			);
			buildRules = (
			);
			dependencies = (
			);
			name = BudgetThink;
			productName = BudgetThink;
			productReference = D7F08B48246924D800FA7FAF /* BudgetThink.app */;
			productType = "com.apple.product-type.application";
		};
/* End PBXNativeTarget section */

/* Begin PBXProject section */
		D7F08B40246924D800FA7FAF /* Project object */ = {
			isa = PBXProject;
			attributes = {
				LastSwiftUpdateCheck = 1140;
				LastUpgradeCheck = 1140;
				ORGANIZATIONNAME = "Muhammad Nashrullah";
				TargetAttributes = {
					D7F08B47246924D800FA7FAF = {
						CreatedOnToolsVersion = 11.4.1;
					};
				};
			};
			buildConfigurationList = D7F08B43246924D800FA7FAF /* Build configuration list for PBXProject "BudgetThink" */;
			compatibilityVersion = "Xcode 9.3";
			developmentRegion = en;
			hasScannedForEncodings = 0;
			knownRegions = (
				en,
				Base,
			);
			mainGroup = D7F08B3F246924D800FA7FAF;
			productRefGroup = D7F08B49246924D800FA7FAF /* Products */;
			projectDirPath = "";
			projectRoot = "";
			targets = (
				D7F08B47246924D800FA7FAF /* BudgetThink */,
			);
		};
/* End PBXProject section */

/* Begin PBXResourcesBuildPhase section */
		D7F08B46246924D800FA7FAF /* Resources */ = {
			isa = PBXResourcesBuildPhase;
			buildActionMask = 2147483647;
			files = (
				D7F08B5B246924DA00FA7FAF /* LaunchScreen.storyboard in Resources */,
				D7F08B58246924DA00FA7FAF /* Assets.xcassets in Resources */,
				D7F08B53246924D800FA7FAF /* Main.storyboard in Resources */,
			);
			runOnlyForDeploymentPostprocessing = 0;
		};
/* End PBXResourcesBuildPhase section */

/* Begin PBXSourcesBuildPhase section */
		D7F08B44246924D800FA7FAF /* Sources */ = {
			isa = PBXSourcesBuildPhase;
			buildActionMask = 2147483647;
			files = (
				EDF427D32482391E0063DE98 /* DownAnimator.swift in Sources */,
				23C7780B247434D7000CEFD7 /* InputDataController.swift in Sources */,
				D7F08B50246924D800FA7FAF /* ViewController.swift in Sources */,
				D7F08B56246924D800FA7FAF /* BudgetThink.xcdatamodeld in Sources */,
				ED0DDB602482A2A300018ACD /* StatisticCell.swift in Sources */,
				23C77809247433F3000CEFD7 /* TransactionController.swift in Sources */,
				ED107A2D247D30B300C4F630 /* RepeatViewController.swift in Sources */,
				ED26C0C5247FF61900EAD5BF /* RepeatDataSender.swift in Sources */,
				ED26C0CA247FF66700EAD5BF /* CDManager.swift in Sources */,
				EDF427D12482223E0063DE98 /* UpAnimator.swift in Sources */,
				ED0DDB5E2482940D00018ACD /* TransactionCell.swift in Sources */,
				EDA6180424862CE700B1C5BA /* BudgetThinkHelper.swift in Sources */,
				D7F08B4C246924D800FA7FAF /* AppDelegate.swift in Sources */,
				ED0DDB622482A2D700018ACD /* StatisticController.swift in Sources */,
				D7F08B4E246924D800FA7FAF /* SceneDelegate.swift in Sources */,
				ED26C0C7247FF63900EAD5BF /* Financed.swift in Sources */,
			);
			runOnlyForDeploymentPostprocessing = 0;
		};
/* End PBXSourcesBuildPhase section */

/* Begin PBXVariantGroup section */
		D7F08B51246924D800FA7FAF /* Main.storyboard */ = {
			isa = PBXVariantGroup;
			children = (
				D7F08B52246924D800FA7FAF /* Base */,
			);
			name = Main.storyboard;
			sourceTree = "<group>";
		};
		D7F08B59246924DA00FA7FAF /* LaunchScreen.storyboard */ = {
			isa = PBXVariantGroup;
			children = (
				D7F08B5A246924DA00FA7FAF /* Base */,
			);
			name = LaunchScreen.storyboard;
			sourceTree = "<group>";
		};
/* End PBXVariantGroup section */

/* Begin XCBuildConfiguration section */
		D7F08B5D246924DA00FA7FAF /* Debug */ = {
			isa = XCBuildConfiguration;
			buildSettings = {
				ALWAYS_SEARCH_USER_PATHS = NO;
				CLANG_ANALYZER_NONNULL = YES;
				CLANG_ANALYZER_NUMBER_OBJECT_CONVERSION = YES_AGGRESSIVE;
				CLANG_CXX_LANGUAGE_STANDARD = "gnu++14";
				CLANG_CXX_LIBRARY = "libc++";
				CLANG_ENABLE_MODULES = YES;
				CLANG_ENABLE_OBJC_ARC = YES;
				CLANG_ENABLE_OBJC_WEAK = YES;
				CLANG_WARN_BLOCK_CAPTURE_AUTORELEASING = YES;
				CLANG_WARN_BOOL_CONVERSION = YES;
				CLANG_WARN_COMMA = YES;
				CLANG_WARN_CONSTANT_CONVERSION = YES;
				CLANG_WARN_DEPRECATED_OBJC_IMPLEMENTATIONS = YES;
				CLANG_WARN_DIRECT_OBJC_ISA_USAGE = YES_ERROR;
				CLANG_WARN_DOCUMENTATION_COMMENTS = YES;
				CLANG_WARN_EMPTY_BODY = YES;
				CLANG_WARN_ENUM_CONVERSION = YES;
				CLANG_WARN_INFINITE_RECURSION = YES;
				CLANG_WARN_INT_CONVERSION = YES;
				CLANG_WARN_NON_LITERAL_NULL_CONVERSION = YES;
				CLANG_WARN_OBJC_IMPLICIT_RETAIN_SELF = YES;
				CLANG_WARN_OBJC_LITERAL_CONVERSION = YES;
				CLANG_WARN_OBJC_ROOT_CLASS = YES_ERROR;
				CLANG_WARN_RANGE_LOOP_ANALYSIS = YES;
				CLANG_WARN_STRICT_PROTOTYPES = YES;
				CLANG_WARN_SUSPICIOUS_MOVE = YES;
				CLANG_WARN_UNGUARDED_AVAILABILITY = YES_AGGRESSIVE;
				CLANG_WARN_UNREACHABLE_CODE = YES;
				CLANG_WARN__DUPLICATE_METHOD_MATCH = YES;
				COPY_PHASE_STRIP = NO;
				DEBUG_INFORMATION_FORMAT = dwarf;
				ENABLE_STRICT_OBJC_MSGSEND = YES;
				ENABLE_TESTABILITY = YES;
				GCC_C_LANGUAGE_STANDARD = gnu11;
				GCC_DYNAMIC_NO_PIC = NO;
				GCC_NO_COMMON_BLOCKS = YES;
				GCC_OPTIMIZATION_LEVEL = 0;
				GCC_PREPROCESSOR_DEFINITIONS = (
					"DEBUG=1",
					"$(inherited)",
				);
				GCC_WARN_64_TO_32_BIT_CONVERSION = YES;
				GCC_WARN_ABOUT_RETURN_TYPE = YES_ERROR;
				GCC_WARN_UNDECLARED_SELECTOR = YES;
				GCC_WARN_UNINITIALIZED_AUTOS = YES_AGGRESSIVE;
				GCC_WARN_UNUSED_FUNCTION = YES;
				GCC_WARN_UNUSED_VARIABLE = YES;
				IPHONEOS_DEPLOYMENT_TARGET = 13.4;
				MTL_ENABLE_DEBUG_INFO = INCLUDE_SOURCE;
				MTL_FAST_MATH = YES;
				ONLY_ACTIVE_ARCH = YES;
				SDKROOT = iphoneos;
				SWIFT_ACTIVE_COMPILATION_CONDITIONS = DEBUG;
				SWIFT_OPTIMIZATION_LEVEL = "-Onone";
			};
			name = Debug;
		};
		D7F08B5E246924DA00FA7FAF /* Release */ = {
			isa = XCBuildConfiguration;
			buildSettings = {
				ALWAYS_SEARCH_USER_PATHS = NO;
				CLANG_ANALYZER_NONNULL = YES;
				CLANG_ANALYZER_NUMBER_OBJECT_CONVERSION = YES_AGGRESSIVE;
				CLANG_CXX_LANGUAGE_STANDARD = "gnu++14";
				CLANG_CXX_LIBRARY = "libc++";
				CLANG_ENABLE_MODULES = YES;
				CLANG_ENABLE_OBJC_ARC = YES;
				CLANG_ENABLE_OBJC_WEAK = YES;
				CLANG_WARN_BLOCK_CAPTURE_AUTORELEASING = YES;
				CLANG_WARN_BOOL_CONVERSION = YES;
				CLANG_WARN_COMMA = YES;
				CLANG_WARN_CONSTANT_CONVERSION = YES;
				CLANG_WARN_DEPRECATED_OBJC_IMPLEMENTATIONS = YES;
				CLANG_WARN_DIRECT_OBJC_ISA_USAGE = YES_ERROR;
				CLANG_WARN_DOCUMENTATION_COMMENTS = YES;
				CLANG_WARN_EMPTY_BODY = YES;
				CLANG_WARN_ENUM_CONVERSION = YES;
				CLANG_WARN_INFINITE_RECURSION = YES;
				CLANG_WARN_INT_CONVERSION = YES;
				CLANG_WARN_NON_LITERAL_NULL_CONVERSION = YES;
				CLANG_WARN_OBJC_IMPLICIT_RETAIN_SELF = YES;
				CLANG_WARN_OBJC_LITERAL_CONVERSION = YES;
				CLANG_WARN_OBJC_ROOT_CLASS = YES_ERROR;
				CLANG_WARN_RANGE_LOOP_ANALYSIS = YES;
				CLANG_WARN_STRICT_PROTOTYPES = YES;
				CLANG_WARN_SUSPICIOUS_MOVE = YES;
				CLANG_WARN_UNGUARDED_AVAILABILITY = YES_AGGRESSIVE;
				CLANG_WARN_UNREACHABLE_CODE = YES;
				CLANG_WARN__DUPLICATE_METHOD_MATCH = YES;
				COPY_PHASE_STRIP = NO;
				DEBUG_INFORMATION_FORMAT = "dwarf-with-dsym";
				ENABLE_NS_ASSERTIONS = NO;
				ENABLE_STRICT_OBJC_MSGSEND = YES;
				GCC_C_LANGUAGE_STANDARD = gnu11;
				GCC_NO_COMMON_BLOCKS = YES;
				GCC_WARN_64_TO_32_BIT_CONVERSION = YES;
				GCC_WARN_ABOUT_RETURN_TYPE = YES_ERROR;
				GCC_WARN_UNDECLARED_SELECTOR = YES;
				GCC_WARN_UNINITIALIZED_AUTOS = YES_AGGRESSIVE;
				GCC_WARN_UNUSED_FUNCTION = YES;
				GCC_WARN_UNUSED_VARIABLE = YES;
				IPHONEOS_DEPLOYMENT_TARGET = 13.4;
				MTL_ENABLE_DEBUG_INFO = NO;
				MTL_FAST_MATH = YES;
				SDKROOT = iphoneos;
				SWIFT_COMPILATION_MODE = wholemodule;
				SWIFT_OPTIMIZATION_LEVEL = "-O";
				VALIDATE_PRODUCT = YES;
			};
			name = Release;
		};
		D7F08B60246924DA00FA7FAF /* Debug */ = {
			isa = XCBuildConfiguration;
			buildSettings = {
				ASSETCATALOG_COMPILER_APPICON_NAME = AppIcon;
				CODE_SIGN_STYLE = Automatic;
				DEVELOPMENT_TEAM = 464Z9N6N4A;
				INFOPLIST_FILE = BudgetThink/Info.plist;
				IPHONEOS_DEPLOYMENT_TARGET = 13.0;
				LD_RUNPATH_SEARCH_PATHS = (
					"$(inherited)",
					"@executable_path/Frameworks",
				);
				PRODUCT_BUNDLE_IDENTIFIER = com.boyband.BudgetThink;
				PRODUCT_NAME = "$(TARGET_NAME)";
				SWIFT_VERSION = 5.0;
				TARGETED_DEVICE_FAMILY = "1,2";
			};
			name = Debug;
		};
		D7F08B61246924DA00FA7FAF /* Release */ = {
			isa = XCBuildConfiguration;
			buildSettings = {
				ASSETCATALOG_COMPILER_APPICON_NAME = AppIcon;
				CODE_SIGN_STYLE = Automatic;
				DEVELOPMENT_TEAM = 464Z9N6N4A;
				INFOPLIST_FILE = BudgetThink/Info.plist;
				IPHONEOS_DEPLOYMENT_TARGET = 13.0;
				LD_RUNPATH_SEARCH_PATHS = (
					"$(inherited)",
					"@executable_path/Frameworks",
				);
				PRODUCT_BUNDLE_IDENTIFIER = com.boyband.BudgetThink;
				PRODUCT_NAME = "$(TARGET_NAME)";
				SWIFT_VERSION = 5.0;
				TARGETED_DEVICE_FAMILY = "1,2";
			};
			name = Release;
		};
/* End XCBuildConfiguration section */

/* Begin XCConfigurationList section */
		D7F08B43246924D800FA7FAF /* Build configuration list for PBXProject "BudgetThink" */ = {
			isa = XCConfigurationList;
			buildConfigurations = (
				D7F08B5D246924DA00FA7FAF /* Debug */,
				D7F08B5E246924DA00FA7FAF /* Release */,
			);
			defaultConfigurationIsVisible = 0;
			defaultConfigurationName = Release;
		};
		D7F08B5F246924DA00FA7FAF /* Build configuration list for PBXNativeTarget "BudgetThink" */ = {
			isa = XCConfigurationList;
			buildConfigurations = (
				D7F08B60246924DA00FA7FAF /* Debug */,
				D7F08B61246924DA00FA7FAF /* Release */,
			);
			defaultConfigurationIsVisible = 0;
			defaultConfigurationName = Release;
		};
/* End XCConfigurationList section */

/* Begin XCVersionGroup section */
		D7F08B54246924D800FA7FAF /* BudgetThink.xcdatamodeld */ = {
			isa = XCVersionGroup;
			children = (
				D7F08B55246924D800FA7FAF /* BudgetThink.xcdatamodel */,
			);
			currentVersion = D7F08B55246924D800FA7FAF /* BudgetThink.xcdatamodel */;
			path = BudgetThink.xcdatamodeld;
			sourceTree = "<group>";
			versionGroupType = wrapper.xcdatamodel;
		};
/* End XCVersionGroup section */
	};
	rootObject = D7F08B40246924D800FA7FAF /* Project object */;
}
